// !$*UTF8*$!
{
	archiveVersion = 1;
	classes = {
	};
	objectVersion = 55;
	objects = {

/* Begin PBXBuildFile section */
		0E062B0527CDC70E002DAF95 /* NIOPosix in Frameworks */ = {isa = PBXBuildFile; productRef = 0E062B0427CDC70E002DAF95 /* NIOPosix */; };
		0E062B0927CDCB14002DAF95 /* RawSocketClient.swift in Sources */ = {isa = PBXBuildFile; fileRef = 0E062B0827CDCB14002DAF95 /* RawSocketClient.swift */; };
		0E062B0B27CDCBF2002DAF95 /* Utils.swift in Sources */ = {isa = PBXBuildFile; fileRef = 0E062B0A27CDCBF2002DAF95 /* Utils.swift */; };
		0E062B0F27CDD421002DAF95 /* JSONCodableCodec.swift in Sources */ = {isa = PBXBuildFile; fileRef = 0E062B0E27CDD421002DAF95 /* JSONCodableCodec.swift */; };
		0E062B1127CDD546002DAF95 /* NIOFoundationCompat in Frameworks */ = {isa = PBXBuildFile; productRef = 0E062B1027CDD546002DAF95 /* NIOFoundationCompat */; };
		0E062B1327CDD5BF002DAF95 /* ModelCodecHandlers.swift in Sources */ = {isa = PBXBuildFile; fileRef = 0E062B1227CDD5BF002DAF95 /* ModelCodecHandlers.swift */; };
		0E062B1527CDFCF7002DAF95 /* SocketModel.swift in Sources */ = {isa = PBXBuildFile; fileRef = 0E062B1427CDFCF7002DAF95 /* SocketModel.swift */; };
		0E0D55962800356C00B1DD0F /* TextMessageCell.swift in Sources */ = {isa = PBXBuildFile; fileRef = 0E0D55952800356C00B1DD0F /* TextMessageCell.swift */; };
		0E124234277EA53D0054D069 /* MessageListViewConroller.swift in Sources */ = {isa = PBXBuildFile; fileRef = 0E124233277EA53D0054D069 /* MessageListViewConroller.swift */; };
		0E124237277EB6E20054D069 /* FriendDataSource.swift in Sources */ = {isa = PBXBuildFile; fileRef = 0E124236277EB6E20054D069 /* FriendDataSource.swift */; };
		0E12423B277ED9560054D069 /* AvatarView.swift in Sources */ = {isa = PBXBuildFile; fileRef = 0E12423A277ED9560054D069 /* AvatarView.swift */; };
		0E124241277ED9E00054D069 /* UIColor+Chat.swift in Sources */ = {isa = PBXBuildFile; fileRef = 0E12423D277ED9E00054D069 /* UIColor+Chat.swift */; };
		0E124242277ED9E00054D069 /* Date+Chat.swift in Sources */ = {isa = PBXBuildFile; fileRef = 0E12423E277ED9E00054D069 /* Date+Chat.swift */; };
		0E124243277ED9E00054D069 /* UIImage+Chat.swift in Sources */ = {isa = PBXBuildFile; fileRef = 0E12423F277ED9E00054D069 /* UIImage+Chat.swift */; };
		0E124244277ED9E00054D069 /* UIView+anchor.swift in Sources */ = {isa = PBXBuildFile; fileRef = 0E124240277ED9E00054D069 /* UIView+anchor.swift */; };
		0E124249277EDA020054D069 /* ImageStore.swift in Sources */ = {isa = PBXBuildFile; fileRef = 0E124245277EDA010054D069 /* ImageStore.swift */; };
		0E12424A277EDA020054D069 /* BackgroundFactory.swift in Sources */ = {isa = PBXBuildFile; fileRef = 0E124246277EDA020054D069 /* BackgroundFactory.swift */; };
		0E12424B277EDA020054D069 /* PhotoRequest.swift in Sources */ = {isa = PBXBuildFile; fileRef = 0E124247277EDA020054D069 /* PhotoRequest.swift */; };
		0E12424C277EDA020054D069 /* Theme.swift in Sources */ = {isa = PBXBuildFile; fileRef = 0E124248277EDA020054D069 /* Theme.swift */; };
		0E12424E277EDABD0054D069 /* SearchContactCell.swift in Sources */ = {isa = PBXBuildFile; fileRef = 0E12424D277EDABD0054D069 /* SearchContactCell.swift */; };
		0E124251277EF3A10054D069 /* ConversationCell.swift in Sources */ = {isa = PBXBuildFile; fileRef = 0E124250277EF3A10054D069 /* ConversationCell.swift */; };
		0E124253277EF4590054D069 /* ConvConfigController.swift in Sources */ = {isa = PBXBuildFile; fileRef = 0E124252277EF4590054D069 /* ConvConfigController.swift */; };
		0E124257277EF82B0054D069 /* ChatbarViewController.swift in Sources */ = {isa = PBXBuildFile; fileRef = 0E124254277EF82B0054D069 /* ChatbarViewController.swift */; };
		0E124258277EF82B0054D069 /* MessageCell.swift in Sources */ = {isa = PBXBuildFile; fileRef = 0E124255277EF82B0054D069 /* MessageCell.swift */; };
		0E124259277EF82B0054D069 /* BubbleConstant.swift in Sources */ = {isa = PBXBuildFile; fileRef = 0E124256277EF82B0054D069 /* BubbleConstant.swift */; };
		0E14DC8427CBD0D800D00151 /* NIO in Frameworks */ = {isa = PBXBuildFile; productRef = 0E14DC8327CBD0D800D00151 /* NIO */; };
		0E14DC8627CBD0D800D00151 /* NIOCore in Frameworks */ = {isa = PBXBuildFile; productRef = 0E14DC8527CBD0D800D00151 /* NIOCore */; };
		0E14DC8827CBD0D800D00151 /* NIOTLS in Frameworks */ = {isa = PBXBuildFile; productRef = 0E14DC8727CBD0D800D00151 /* NIOTLS */; };
		0E15EC3227742B790082FA1B /* SQLiteManager.swift in Sources */ = {isa = PBXBuildFile; fileRef = 0E15EC3127742B790082FA1B /* SQLiteManager.swift */; };
		0E2395B927708340006B2DE2 /* FriendDomain.swift in Sources */ = {isa = PBXBuildFile; fileRef = 0E2395B827708340006B2DE2 /* FriendDomain.swift */; };
		0E2395BB2770834C006B2DE2 /* ConversationDomain.swift in Sources */ = {isa = PBXBuildFile; fileRef = 0E2395BA2770834C006B2DE2 /* ConversationDomain.swift */; };
		0E2395BD2770835A006B2DE2 /* MessageDomain.swift in Sources */ = {isa = PBXBuildFile; fileRef = 0E2395BC2770835A006B2DE2 /* MessageDomain.swift */; };
		0E2499AC2817932100A89EA9 /* MediaWorker.swift in Sources */ = {isa = PBXBuildFile; fileRef = 0E2499AB2817932100A89EA9 /* MediaWorker.swift */; };
		0E2499AE2817A08B00A89EA9 /* AvatarWorker.swift in Sources */ = {isa = PBXBuildFile; fileRef = 0E2499AD2817A08B00A89EA9 /* AvatarWorker.swift */; };
		0E393FC227B3C1A40011CB68 /* ConversationListViewController.swift in Sources */ = {isa = PBXBuildFile; fileRef = 0E393FC127B3C1A40011CB68 /* ConversationListViewController.swift */; };
		0E393FC427B3CE410011CB68 /* UIViewController+extension.swift in Sources */ = {isa = PBXBuildFile; fileRef = 0E393FC327B3CE410011CB68 /* UIViewController+extension.swift */; };
		0E3C0D1A2783F9EF00B23E21 /* ChatMenuController.swift in Sources */ = {isa = PBXBuildFile; fileRef = 0E3C0D192783F9EF00B23E21 /* ChatMenuController.swift */; };
		0E44B00727F2C11400F1A790 /* BubbleTextContentView.swift in Sources */ = {isa = PBXBuildFile; fileRef = 0E44B00627F2C11400F1A790 /* BubbleTextContentView.swift */; };
		0E44B00D27F2EA8900F1A790 /* ImageCell.swift in Sources */ = {isa = PBXBuildFile; fileRef = 0E44B00C27F2EA8900F1A790 /* ImageCell.swift */; };
		0E50A73D27EAD62700DC7787 /* ModelCodecOutboundHandler.swift in Sources */ = {isa = PBXBuildFile; fileRef = 0E50A73C27EAD62700DC7787 /* ModelCodecOutboundHandler.swift */; };
		0E50A73F27EDA4AF00DC7787 /* MessageBody.swift in Sources */ = {isa = PBXBuildFile; fileRef = 0E50A73E27EDA4AF00DC7787 /* MessageBody.swift */; };
		0E51D2D227E04B2100748987 /* FriendHeaderView.swift in Sources */ = {isa = PBXBuildFile; fileRef = 0E51D2D127E04B2100748987 /* FriendHeaderView.swift */; };
		0E5527FC27E5845F00597C96 /* TimestampHeaderView.swift in Sources */ = {isa = PBXBuildFile; fileRef = 0E5527FB27E5845F00597C96 /* TimestampHeaderView.swift */; };
		0E560B1827BF48660019B38C /* ConversationWorker.swift in Sources */ = {isa = PBXBuildFile; fileRef = 0E560B1727BF48660019B38C /* ConversationWorker.swift */; };
		0E560B1A27BF4AE20019B38C /* MessageListWorker.swift in Sources */ = {isa = PBXBuildFile; fileRef = 0E560B1927BF4AE20019B38C /* MessageListWorker.swift */; };
		0E560B1C27BF53070019B38C /* ChatService.swift in Sources */ = {isa = PBXBuildFile; fileRef = 0E560B1B27BF53070019B38C /* ChatService.swift */; };
		0E560B1E27BF5DEF0019B38C /* ConversationServiceDecorator.swift in Sources */ = {isa = PBXBuildFile; fileRef = 0E560B1D27BF5DEF0019B38C /* ConversationServiceDecorator.swift */; };
		0E560B2027BF60030019B38C /* ChatServiceManager.swift in Sources */ = {isa = PBXBuildFile; fileRef = 0E560B1F27BF60030019B38C /* ChatServiceManager.swift */; };
		0E6666BD2771882A00786E57 /* MessageStoreProxy.swift in Sources */ = {isa = PBXBuildFile; fileRef = 0E6666BC2771882A00786E57 /* MessageStoreProxy.swift */; };
		0E66A9AB277A189E00525C3B /* FriendStoreProxy.swift in Sources */ = {isa = PBXBuildFile; fileRef = 0E66A9AA277A189E00525C3B /* FriendStoreProxy.swift */; };
		0E7008D8278806E400998BBB /* FriendDeleteCell.swift in Sources */ = {isa = PBXBuildFile; fileRef = 0E7008D1278806E400998BBB /* FriendDeleteCell.swift */; };
		0E7008D9278806E400998BBB /* FriendTextEditCell.swift in Sources */ = {isa = PBXBuildFile; fileRef = 0E7008D2278806E400998BBB /* FriendTextEditCell.swift */; };
		0E7008DA278806E400998BBB /* FriendDetailDataSource.swift in Sources */ = {isa = PBXBuildFile; fileRef = 0E7008D3278806E400998BBB /* FriendDetailDataSource.swift */; };
		0E7008DB278806E400998BBB /* FriendDetailAvatarCell.swift in Sources */ = {isa = PBXBuildFile; fileRef = 0E7008D4278806E400998BBB /* FriendDetailAvatarCell.swift */; };
		0E7008DC278806E400998BBB /* FriendAvatarEditCell.swift in Sources */ = {isa = PBXBuildFile; fileRef = 0E7008D5278806E400998BBB /* FriendAvatarEditCell.swift */; };
		0E7008DD278806E400998BBB /* FriendDetailController.swift in Sources */ = {isa = PBXBuildFile; fileRef = 0E7008D6278806E400998BBB /* FriendDetailController.swift */; };
		0E7008DE278806E400998BBB /* FriendEditDataSource.swift in Sources */ = {isa = PBXBuildFile; fileRef = 0E7008D7278806E400998BBB /* FriendEditDataSource.swift */; };
		0E70090B278EB76100998BBB /* FileDownloader.swift in Sources */ = {isa = PBXBuildFile; fileRef = 0E70090A278EB76100998BBB /* FileDownloader.swift */; };
		0E700911278EBDE100998BBB /* AlamofireImage in Frameworks */ = {isa = PBXBuildFile; productRef = 0E700910278EBDE100998BBB /* AlamofireImage */; };
		0E727F50278571AA002EA7E3 /* NativeContactStore.swift in Sources */ = {isa = PBXBuildFile; fileRef = 0E727F4F278571AA002EA7E3 /* NativeContactStore.swift */; };
		0E727F5227857416002EA7E3 /* NativeContactStoreAdapter.swift in Sources */ = {isa = PBXBuildFile; fileRef = 0E727F5127857416002EA7E3 /* NativeContactStoreAdapter.swift */; };
		0E79FB9627C67CCA0039E8E6 /* SocketDelegate.swift in Sources */ = {isa = PBXBuildFile; fileRef = 0E79FB9527C67CCA0039E8E6 /* SocketDelegate.swift */; };
		0E7E897D27D10C64004375F7 /* DelegateHandlers.swift in Sources */ = {isa = PBXBuildFile; fileRef = 0E7E897C27D10C64004375F7 /* DelegateHandlers.swift */; };
		0E7E931427D05E2C00936B35 /* UserSettings.swift in Sources */ = {isa = PBXBuildFile; fileRef = 0E7E931327D05E2C00936B35 /* UserSettings.swift */; };
		0E837C0B27B4F47C00317E0B /* HomeModule.swift in Sources */ = {isa = PBXBuildFile; fileRef = 0E837C0A27B4F47C00317E0B /* HomeModule.swift */; };
		0E837C0D27B4F8B000317E0B /* HomeRouter.swift in Sources */ = {isa = PBXBuildFile; fileRef = 0E837C0C27B4F8B000317E0B /* HomeRouter.swift */; };
		0E837C1127B5077F00317E0B /* ChatModule.swift in Sources */ = {isa = PBXBuildFile; fileRef = 0E837C1027B5077F00317E0B /* ChatModule.swift */; };
		0E837C1327B508EE00317E0B /* ChatRouter.swift in Sources */ = {isa = PBXBuildFile; fileRef = 0E837C1227B508EE00317E0B /* ChatRouter.swift */; };
		0E94D0EC27991A26003485AF /* DownloadBtnView.swift in Sources */ = {isa = PBXBuildFile; fileRef = 0E94D0EB27991A26003485AF /* DownloadBtnView.swift */; };
		0E99D1B827E81DC200840C87 /* PhotoGalleryViewController.swift in Sources */ = {isa = PBXBuildFile; fileRef = 0E99D1B727E81DC200840C87 /* PhotoGalleryViewController.swift */; };
		0EA0589D27D7A02900E7E708 /* PostButton.swift in Sources */ = {isa = PBXBuildFile; fileRef = 0EA0589C27D7A02900E7E708 /* PostButton.swift */; };
		0EA8F34C27C88D5A00B060B2 /* SocketService.swift in Sources */ = {isa = PBXBuildFile; fileRef = 0EA8F34B27C88D5A00B060B2 /* SocketService.swift */; };
		0EB78326280962A2004F511D /* PHImageManager+Chat.swift in Sources */ = {isa = PBXBuildFile; fileRef = 0EB78325280962A2004F511D /* PHImageManager+Chat.swift */; };
		0EC6A97F2805604700366957 /* GalleryContainerViewController.swift in Sources */ = {isa = PBXBuildFile; fileRef = 0EC6A97E2805604700366957 /* GalleryContainerViewController.swift */; };
		0EC6A9812805608F00366957 /* LocalGalleryService.swift in Sources */ = {isa = PBXBuildFile; fileRef = 0EC6A9802805608F00366957 /* LocalGalleryService.swift */; };
		0EC6A9832805610F00366957 /* LocalGalleryView.xib in Resources */ = {isa = PBXBuildFile; fileRef = 0EC6A9822805610E00366957 /* LocalGalleryView.xib */; };
		0EC6A9852805613200366957 /* NoAccessViewController.swift in Sources */ = {isa = PBXBuildFile; fileRef = 0EC6A9842805613200366957 /* NoAccessViewController.swift */; };
		0EC6A9882805616200366957 /* LocalPhotoCell.swift in Sources */ = {isa = PBXBuildFile; fileRef = 0EC6A9872805616200366957 /* LocalPhotoCell.swift */; };
		0EC6A98B280563F000366957 /* ImageGridCell.swift in Sources */ = {isa = PBXBuildFile; fileRef = 0EC6A98A280563F000366957 /* ImageGridCell.swift */; };
		0EC6A98D2805640100366957 /* MediaViewController.swift in Sources */ = {isa = PBXBuildFile; fileRef = 0EC6A98C2805640100366957 /* MediaViewController.swift */; };
		0EC6A98F2805641300366957 /* CollageLayout.swift in Sources */ = {isa = PBXBuildFile; fileRef = 0EC6A98E2805641300366957 /* CollageLayout.swift */; };
		0EC6A9922805683400366957 /* PhotoViewGridCell.swift in Sources */ = {isa = PBXBuildFile; fileRef = 0EC6A9912805683400366957 /* PhotoViewGridCell.swift */; };
		0EC6A99628056B0400366957 /* PHAsset+Chat.swift in Sources */ = {isa = PBXBuildFile; fileRef = 0EC6A99528056B0400366957 /* PHAsset+Chat.swift */; };
		0ED966D127CF5F2200393E35 /* ReachabilityService.swift in Sources */ = {isa = PBXBuildFile; fileRef = 0ED966D027CF5F2200393E35 /* ReachabilityService.swift */; };
		0EDA957A2775A08300646051 /* ConversationStoreProxy.swift in Sources */ = {isa = PBXBuildFile; fileRef = 0EDA95792775A08300646051 /* ConversationStoreProxy.swift */; };
		0EDC669A27BA651600A2792E /* MessageCellInteractor.swift in Sources */ = {isa = PBXBuildFile; fileRef = 0EDC669927BA651600A2792E /* MessageCellInteractor.swift */; };
		0EDC669C27BA698A00A2792E /* FriendRouter.swift in Sources */ = {isa = PBXBuildFile; fileRef = 0EDC669B27BA698A00A2792E /* FriendRouter.swift */; };
		0EE0D6EC280EB47600ADB3E3 /* String+Chat.swift in Sources */ = {isa = PBXBuildFile; fileRef = 0EE0D6EB280EB47600ADB3E3 /* String+Chat.swift */; };
		0EEBB721281B87230020C78E /* ImageFileType.swift in Sources */ = {isa = PBXBuildFile; fileRef = 0EEBB720281B87230020C78E /* ImageFileType.swift */; };
		0EF4BD43280FBDDD00A6EDE2 /* PhotoView.swift in Sources */ = {isa = PBXBuildFile; fileRef = 0EF4BD42280FBDDD00A6EDE2 /* PhotoView.swift */; };
		0EF89B62278ECEEF005C3BE1 /* AlamoAvatarView.swift in Sources */ = {isa = PBXBuildFile; fileRef = 0EF89B61278ECEEF005C3BE1 /* AlamoAvatarView.swift */; };
		0EFDD947276B72C400323984 /* AppDelegate.swift in Sources */ = {isa = PBXBuildFile; fileRef = 0EFDD946276B72C400323984 /* AppDelegate.swift */; };
		0EFDD949276B72C400323984 /* SceneDelegate.swift in Sources */ = {isa = PBXBuildFile; fileRef = 0EFDD948276B72C400323984 /* SceneDelegate.swift */; };
		0EFDD94B276B72C400323984 /* HomeViewController.swift in Sources */ = {isa = PBXBuildFile; fileRef = 0EFDD94A276B72C400323984 /* HomeViewController.swift */; };
		0EFDD950276B72C700323984 /* Assets.xcassets in Resources */ = {isa = PBXBuildFile; fileRef = 0EFDD94F276B72C700323984 /* Assets.xcassets */; };
		0EFDD953276B72C700323984 /* LaunchScreen.storyboard in Resources */ = {isa = PBXBuildFile; fileRef = 0EFDD951276B72C700323984 /* LaunchScreen.storyboard */; };
		0EFDD95C276B798D00323984 /* SQLite in Frameworks */ = {isa = PBXBuildFile; productRef = 0EFDD95B276B798D00323984 /* SQLite */; };
		0EFDD961276B79F300323984 /* ConversationSQLiteStore.swift in Sources */ = {isa = PBXBuildFile; fileRef = 0EFDD960276B79F300323984 /* ConversationSQLiteStore.swift */; };
		0EFDD967276B7A3E00323984 /* Friend.swift in Sources */ = {isa = PBXBuildFile; fileRef = 0EFDD966276B7A3E00323984 /* Friend.swift */; };
		0EFDD969276B7A4A00323984 /* Conversation.swift in Sources */ = {isa = PBXBuildFile; fileRef = 0EFDD968276B7A4A00323984 /* Conversation.swift */; };
		0EFDD96B276B7A5400323984 /* Message.swift in Sources */ = {isa = PBXBuildFile; fileRef = 0EFDD96A276B7A5400323984 /* Message.swift */; };
		0EFDD96D276B7B0000323984 /* ServiceBasicAPIs.swift in Sources */ = {isa = PBXBuildFile; fileRef = 0EFDD96C276B7B0000323984 /* ServiceBasicAPIs.swift */; };
		0EFDD96F276B7D6100323984 /* FriendSQLiteStore.swift in Sources */ = {isa = PBXBuildFile; fileRef = 0EFDD96E276B7D6100323984 /* FriendSQLiteStore.swift */; };
		0EFDD971276B86AD00323984 /* FriendListViewController.swift in Sources */ = {isa = PBXBuildFile; fileRef = 0EFDD970276B86AD00323984 /* FriendListViewController.swift */; };
		0EFDD973276B86BC00323984 /* ConversationsInteractorImpl.swift in Sources */ = {isa = PBXBuildFile; fileRef = 0EFDD972276B86BC00323984 /* ConversationsInteractorImpl.swift */; };
		0EFDD975276B8BB100323984 /* FriendMediator.swift in Sources */ = {isa = PBXBuildFile; fileRef = 0EFDD974276B8BB100323984 /* FriendMediator.swift */; };
		0EFDD977276C2C2A00323984 /* ChatViewController.swift in Sources */ = {isa = PBXBuildFile; fileRef = 0EFDD976276C2C2A00323984 /* ChatViewController.swift */; };
		0EFDD979276C2C4700323984 /* MessagesInteractorImpl.swift in Sources */ = {isa = PBXBuildFile; fileRef = 0EFDD978276C2C4700323984 /* MessagesInteractorImpl.swift */; };
		0EFDD97E276C357E00323984 /* MessagesSQLiteStore.swift in Sources */ = {isa = PBXBuildFile; fileRef = 0EFDD97D276C357E00323984 /* MessagesSQLiteStore.swift */; };
		0EFF595627E094BA00F4F366 /* MsgStatusSocketModel.swift in Sources */ = {isa = PBXBuildFile; fileRef = 0EFF595527E094BA00F4F366 /* MsgStatusSocketModel.swift */; };
/* End PBXBuildFile section */

/* Begin PBXFileReference section */
		0E062B0827CDCB14002DAF95 /* RawSocketClient.swift */ = {isa = PBXFileReference; lastKnownFileType = sourcecode.swift; path = RawSocketClient.swift; sourceTree = "<group>"; };
		0E062B0A27CDCBF2002DAF95 /* Utils.swift */ = {isa = PBXFileReference; lastKnownFileType = sourcecode.swift; path = Utils.swift; sourceTree = "<group>"; };
		0E062B0E27CDD421002DAF95 /* JSONCodableCodec.swift */ = {isa = PBXFileReference; lastKnownFileType = sourcecode.swift; path = JSONCodableCodec.swift; sourceTree = "<group>"; };
		0E062B1227CDD5BF002DAF95 /* ModelCodecHandlers.swift */ = {isa = PBXFileReference; lastKnownFileType = sourcecode.swift; path = ModelCodecHandlers.swift; sourceTree = "<group>"; };
		0E062B1427CDFCF7002DAF95 /* SocketModel.swift */ = {isa = PBXFileReference; lastKnownFileType = sourcecode.swift; path = SocketModel.swift; sourceTree = "<group>"; };
		0E0D55952800356C00B1DD0F /* TextMessageCell.swift */ = {isa = PBXFileReference; lastKnownFileType = sourcecode.swift; path = TextMessageCell.swift; sourceTree = "<group>"; };
		0E124233277EA53D0054D069 /* MessageListViewConroller.swift */ = {isa = PBXFileReference; lastKnownFileType = sourcecode.swift; path = MessageListViewConroller.swift; sourceTree = "<group>"; };
		0E124236277EB6E20054D069 /* FriendDataSource.swift */ = {isa = PBXFileReference; lastKnownFileType = sourcecode.swift; path = FriendDataSource.swift; sourceTree = "<group>"; };
		0E12423A277ED9560054D069 /* AvatarView.swift */ = {isa = PBXFileReference; lastKnownFileType = sourcecode.swift; path = AvatarView.swift; sourceTree = "<group>"; };
		0E12423D277ED9E00054D069 /* UIColor+Chat.swift */ = {isa = PBXFileReference; fileEncoding = 4; lastKnownFileType = sourcecode.swift; path = "UIColor+Chat.swift"; sourceTree = "<group>"; };
		0E12423E277ED9E00054D069 /* Date+Chat.swift */ = {isa = PBXFileReference; fileEncoding = 4; lastKnownFileType = sourcecode.swift; path = "Date+Chat.swift"; sourceTree = "<group>"; };
		0E12423F277ED9E00054D069 /* UIImage+Chat.swift */ = {isa = PBXFileReference; fileEncoding = 4; lastKnownFileType = sourcecode.swift; path = "UIImage+Chat.swift"; sourceTree = "<group>"; };
		0E124240277ED9E00054D069 /* UIView+anchor.swift */ = {isa = PBXFileReference; fileEncoding = 4; lastKnownFileType = sourcecode.swift; path = "UIView+anchor.swift"; sourceTree = "<group>"; };
		0E124245277EDA010054D069 /* ImageStore.swift */ = {isa = PBXFileReference; fileEncoding = 4; lastKnownFileType = sourcecode.swift; path = ImageStore.swift; sourceTree = "<group>"; };
		0E124246277EDA020054D069 /* BackgroundFactory.swift */ = {isa = PBXFileReference; fileEncoding = 4; lastKnownFileType = sourcecode.swift; path = BackgroundFactory.swift; sourceTree = "<group>"; };
		0E124247277EDA020054D069 /* PhotoRequest.swift */ = {isa = PBXFileReference; fileEncoding = 4; lastKnownFileType = sourcecode.swift; path = PhotoRequest.swift; sourceTree = "<group>"; };
		0E124248277EDA020054D069 /* Theme.swift */ = {isa = PBXFileReference; fileEncoding = 4; lastKnownFileType = sourcecode.swift; path = Theme.swift; sourceTree = "<group>"; };
		0E12424D277EDABD0054D069 /* SearchContactCell.swift */ = {isa = PBXFileReference; fileEncoding = 4; lastKnownFileType = sourcecode.swift; path = SearchContactCell.swift; sourceTree = "<group>"; };
		0E124250277EF3A10054D069 /* ConversationCell.swift */ = {isa = PBXFileReference; fileEncoding = 4; lastKnownFileType = sourcecode.swift; path = ConversationCell.swift; sourceTree = "<group>"; };
		0E124252277EF4590054D069 /* ConvConfigController.swift */ = {isa = PBXFileReference; fileEncoding = 4; lastKnownFileType = sourcecode.swift; path = ConvConfigController.swift; sourceTree = "<group>"; };
		0E124254277EF82B0054D069 /* ChatbarViewController.swift */ = {isa = PBXFileReference; fileEncoding = 4; lastKnownFileType = sourcecode.swift; path = ChatbarViewController.swift; sourceTree = "<group>"; };
		0E124255277EF82B0054D069 /* MessageCell.swift */ = {isa = PBXFileReference; fileEncoding = 4; lastKnownFileType = sourcecode.swift; path = MessageCell.swift; sourceTree = "<group>"; };
		0E124256277EF82B0054D069 /* BubbleConstant.swift */ = {isa = PBXFileReference; fileEncoding = 4; lastKnownFileType = sourcecode.swift; path = BubbleConstant.swift; sourceTree = "<group>"; };
		0E15EC3127742B790082FA1B /* SQLiteManager.swift */ = {isa = PBXFileReference; lastKnownFileType = sourcecode.swift; path = SQLiteManager.swift; sourceTree = "<group>"; };
		0E2395B827708340006B2DE2 /* FriendDomain.swift */ = {isa = PBXFileReference; lastKnownFileType = sourcecode.swift; path = FriendDomain.swift; sourceTree = "<group>"; };
		0E2395BA2770834C006B2DE2 /* ConversationDomain.swift */ = {isa = PBXFileReference; lastKnownFileType = sourcecode.swift; path = ConversationDomain.swift; sourceTree = "<group>"; };
		0E2395BC2770835A006B2DE2 /* MessageDomain.swift */ = {isa = PBXFileReference; lastKnownFileType = sourcecode.swift; path = MessageDomain.swift; sourceTree = "<group>"; };
		0E2499AB2817932100A89EA9 /* MediaWorker.swift */ = {isa = PBXFileReference; lastKnownFileType = sourcecode.swift; path = MediaWorker.swift; sourceTree = "<group>"; };
		0E2499AD2817A08B00A89EA9 /* AvatarWorker.swift */ = {isa = PBXFileReference; lastKnownFileType = sourcecode.swift; path = AvatarWorker.swift; sourceTree = "<group>"; };
		0E393FC127B3C1A40011CB68 /* ConversationListViewController.swift */ = {isa = PBXFileReference; lastKnownFileType = sourcecode.swift; path = ConversationListViewController.swift; sourceTree = "<group>"; };
		0E393FC327B3CE410011CB68 /* UIViewController+extension.swift */ = {isa = PBXFileReference; lastKnownFileType = sourcecode.swift; path = "UIViewController+extension.swift"; sourceTree = "<group>"; };
		0E3C0D192783F9EF00B23E21 /* ChatMenuController.swift */ = {isa = PBXFileReference; lastKnownFileType = sourcecode.swift; path = ChatMenuController.swift; sourceTree = "<group>"; };
		0E44B00627F2C11400F1A790 /* BubbleTextContentView.swift */ = {isa = PBXFileReference; lastKnownFileType = sourcecode.swift; path = BubbleTextContentView.swift; sourceTree = "<group>"; };
		0E44B00C27F2EA8900F1A790 /* ImageCell.swift */ = {isa = PBXFileReference; lastKnownFileType = sourcecode.swift; path = ImageCell.swift; sourceTree = "<group>"; };
		0E50A73C27EAD62700DC7787 /* ModelCodecOutboundHandler.swift */ = {isa = PBXFileReference; lastKnownFileType = sourcecode.swift; path = ModelCodecOutboundHandler.swift; sourceTree = "<group>"; };
		0E50A73E27EDA4AF00DC7787 /* MessageBody.swift */ = {isa = PBXFileReference; lastKnownFileType = sourcecode.swift; path = MessageBody.swift; sourceTree = "<group>"; };
		0E51D2D127E04B2100748987 /* FriendHeaderView.swift */ = {isa = PBXFileReference; lastKnownFileType = sourcecode.swift; path = FriendHeaderView.swift; sourceTree = "<group>"; };
		0E5527FB27E5845F00597C96 /* TimestampHeaderView.swift */ = {isa = PBXFileReference; lastKnownFileType = sourcecode.swift; path = TimestampHeaderView.swift; sourceTree = "<group>"; };
		0E560B1727BF48660019B38C /* ConversationWorker.swift */ = {isa = PBXFileReference; lastKnownFileType = sourcecode.swift; path = ConversationWorker.swift; sourceTree = "<group>"; };
		0E560B1927BF4AE20019B38C /* MessageListWorker.swift */ = {isa = PBXFileReference; lastKnownFileType = sourcecode.swift; path = MessageListWorker.swift; sourceTree = "<group>"; };
		0E560B1B27BF53070019B38C /* ChatService.swift */ = {isa = PBXFileReference; lastKnownFileType = sourcecode.swift; path = ChatService.swift; sourceTree = "<group>"; };
		0E560B1D27BF5DEF0019B38C /* ConversationServiceDecorator.swift */ = {isa = PBXFileReference; lastKnownFileType = sourcecode.swift; path = ConversationServiceDecorator.swift; sourceTree = "<group>"; };
		0E560B1F27BF60030019B38C /* ChatServiceManager.swift */ = {isa = PBXFileReference; lastKnownFileType = sourcecode.swift; path = ChatServiceManager.swift; sourceTree = "<group>"; };
		0E6666BC2771882A00786E57 /* MessageStoreProxy.swift */ = {isa = PBXFileReference; lastKnownFileType = sourcecode.swift; path = MessageStoreProxy.swift; sourceTree = "<group>"; };
		0E66A9AA277A189E00525C3B /* FriendStoreProxy.swift */ = {isa = PBXFileReference; lastKnownFileType = sourcecode.swift; path = FriendStoreProxy.swift; sourceTree = "<group>"; };
		0E7008D1278806E400998BBB /* FriendDeleteCell.swift */ = {isa = PBXFileReference; fileEncoding = 4; lastKnownFileType = sourcecode.swift; path = FriendDeleteCell.swift; sourceTree = "<group>"; };
		0E7008D2278806E400998BBB /* FriendTextEditCell.swift */ = {isa = PBXFileReference; fileEncoding = 4; lastKnownFileType = sourcecode.swift; path = FriendTextEditCell.swift; sourceTree = "<group>"; };
		0E7008D3278806E400998BBB /* FriendDetailDataSource.swift */ = {isa = PBXFileReference; fileEncoding = 4; lastKnownFileType = sourcecode.swift; path = FriendDetailDataSource.swift; sourceTree = "<group>"; };
		0E7008D4278806E400998BBB /* FriendDetailAvatarCell.swift */ = {isa = PBXFileReference; fileEncoding = 4; lastKnownFileType = sourcecode.swift; path = FriendDetailAvatarCell.swift; sourceTree = "<group>"; };
		0E7008D5278806E400998BBB /* FriendAvatarEditCell.swift */ = {isa = PBXFileReference; fileEncoding = 4; lastKnownFileType = sourcecode.swift; path = FriendAvatarEditCell.swift; sourceTree = "<group>"; };
		0E7008D6278806E400998BBB /* FriendDetailController.swift */ = {isa = PBXFileReference; fileEncoding = 4; lastKnownFileType = sourcecode.swift; path = FriendDetailController.swift; sourceTree = "<group>"; };
		0E7008D7278806E400998BBB /* FriendEditDataSource.swift */ = {isa = PBXFileReference; fileEncoding = 4; lastKnownFileType = sourcecode.swift; path = FriendEditDataSource.swift; sourceTree = "<group>"; };
		0E70090A278EB76100998BBB /* FileDownloader.swift */ = {isa = PBXFileReference; lastKnownFileType = sourcecode.swift; path = FileDownloader.swift; sourceTree = "<group>"; };
		0E727F4F278571AA002EA7E3 /* NativeContactStore.swift */ = {isa = PBXFileReference; lastKnownFileType = sourcecode.swift; path = NativeContactStore.swift; sourceTree = "<group>"; };
		0E727F5127857416002EA7E3 /* NativeContactStoreAdapter.swift */ = {isa = PBXFileReference; lastKnownFileType = sourcecode.swift; path = NativeContactStoreAdapter.swift; sourceTree = "<group>"; };
		0E79FB9527C67CCA0039E8E6 /* SocketDelegate.swift */ = {isa = PBXFileReference; lastKnownFileType = sourcecode.swift; path = SocketDelegate.swift; sourceTree = "<group>"; };
		0E7E897C27D10C64004375F7 /* DelegateHandlers.swift */ = {isa = PBXFileReference; lastKnownFileType = sourcecode.swift; path = DelegateHandlers.swift; sourceTree = "<group>"; };
		0E7E931327D05E2C00936B35 /* UserSettings.swift */ = {isa = PBXFileReference; lastKnownFileType = sourcecode.swift; path = UserSettings.swift; sourceTree = "<group>"; };
		0E837C0A27B4F47C00317E0B /* HomeModule.swift */ = {isa = PBXFileReference; lastKnownFileType = sourcecode.swift; path = HomeModule.swift; sourceTree = "<group>"; };
		0E837C0C27B4F8B000317E0B /* HomeRouter.swift */ = {isa = PBXFileReference; lastKnownFileType = sourcecode.swift; path = HomeRouter.swift; sourceTree = "<group>"; };
		0E837C1027B5077F00317E0B /* ChatModule.swift */ = {isa = PBXFileReference; lastKnownFileType = sourcecode.swift; path = ChatModule.swift; sourceTree = "<group>"; };
		0E837C1227B508EE00317E0B /* ChatRouter.swift */ = {isa = PBXFileReference; lastKnownFileType = sourcecode.swift; path = ChatRouter.swift; sourceTree = "<group>"; };
		0E94D0EB27991A26003485AF /* DownloadBtnView.swift */ = {isa = PBXFileReference; lastKnownFileType = sourcecode.swift; path = DownloadBtnView.swift; sourceTree = "<group>"; };
		0E99D1B727E81DC200840C87 /* PhotoGalleryViewController.swift */ = {isa = PBXFileReference; lastKnownFileType = sourcecode.swift; path = PhotoGalleryViewController.swift; sourceTree = "<group>"; };
		0EA0589C27D7A02900E7E708 /* PostButton.swift */ = {isa = PBXFileReference; lastKnownFileType = sourcecode.swift; path = PostButton.swift; sourceTree = "<group>"; };
		0EA8F34B27C88D5A00B060B2 /* SocketService.swift */ = {isa = PBXFileReference; lastKnownFileType = sourcecode.swift; path = SocketService.swift; sourceTree = "<group>"; };
		0EB78325280962A2004F511D /* PHImageManager+Chat.swift */ = {isa = PBXFileReference; lastKnownFileType = sourcecode.swift; path = "PHImageManager+Chat.swift"; sourceTree = "<group>"; };
		0EC6A97E2805604700366957 /* GalleryContainerViewController.swift */ = {isa = PBXFileReference; lastKnownFileType = sourcecode.swift; path = GalleryContainerViewController.swift; sourceTree = "<group>"; };
		0EC6A9802805608F00366957 /* LocalGalleryService.swift */ = {isa = PBXFileReference; lastKnownFileType = sourcecode.swift; path = LocalGalleryService.swift; sourceTree = "<group>"; };
		0EC6A9822805610E00366957 /* LocalGalleryView.xib */ = {isa = PBXFileReference; fileEncoding = 4; lastKnownFileType = file.xib; path = LocalGalleryView.xib; sourceTree = "<group>"; };
		0EC6A9842805613200366957 /* NoAccessViewController.swift */ = {isa = PBXFileReference; fileEncoding = 4; lastKnownFileType = sourcecode.swift; path = NoAccessViewController.swift; sourceTree = "<group>"; };
		0EC6A9872805616200366957 /* LocalPhotoCell.swift */ = {isa = PBXFileReference; fileEncoding = 4; lastKnownFileType = sourcecode.swift; path = LocalPhotoCell.swift; sourceTree = "<group>"; };
		0EC6A98A280563F000366957 /* ImageGridCell.swift */ = {isa = PBXFileReference; fileEncoding = 4; lastKnownFileType = sourcecode.swift; path = ImageGridCell.swift; sourceTree = "<group>"; };
		0EC6A98C2805640100366957 /* MediaViewController.swift */ = {isa = PBXFileReference; fileEncoding = 4; lastKnownFileType = sourcecode.swift; path = MediaViewController.swift; sourceTree = "<group>"; };
		0EC6A98E2805641300366957 /* CollageLayout.swift */ = {isa = PBXFileReference; fileEncoding = 4; lastKnownFileType = sourcecode.swift; path = CollageLayout.swift; sourceTree = "<group>"; };
		0EC6A9912805683400366957 /* PhotoViewGridCell.swift */ = {isa = PBXFileReference; lastKnownFileType = sourcecode.swift; path = PhotoViewGridCell.swift; sourceTree = "<group>"; };
		0EC6A99528056B0400366957 /* PHAsset+Chat.swift */ = {isa = PBXFileReference; lastKnownFileType = sourcecode.swift; path = "PHAsset+Chat.swift"; sourceTree = "<group>"; };
		0ED966D027CF5F2200393E35 /* ReachabilityService.swift */ = {isa = PBXFileReference; lastKnownFileType = sourcecode.swift; path = ReachabilityService.swift; sourceTree = "<group>"; };
		0EDA95792775A08300646051 /* ConversationStoreProxy.swift */ = {isa = PBXFileReference; lastKnownFileType = sourcecode.swift; path = ConversationStoreProxy.swift; sourceTree = "<group>"; };
		0EDC669927BA651600A2792E /* MessageCellInteractor.swift */ = {isa = PBXFileReference; lastKnownFileType = sourcecode.swift; path = MessageCellInteractor.swift; sourceTree = "<group>"; };
		0EDC669B27BA698A00A2792E /* FriendRouter.swift */ = {isa = PBXFileReference; lastKnownFileType = sourcecode.swift; path = FriendRouter.swift; sourceTree = "<group>"; };
		0EE0D6EB280EB47600ADB3E3 /* String+Chat.swift */ = {isa = PBXFileReference; lastKnownFileType = sourcecode.swift; path = "String+Chat.swift"; sourceTree = "<group>"; };
		0EEBB720281B87230020C78E /* ImageFileType.swift */ = {isa = PBXFileReference; lastKnownFileType = sourcecode.swift; path = ImageFileType.swift; sourceTree = "<group>"; };
		0EF4BD42280FBDDD00A6EDE2 /* PhotoView.swift */ = {isa = PBXFileReference; lastKnownFileType = sourcecode.swift; path = PhotoView.swift; sourceTree = "<group>"; };
		0EF89B61278ECEEF005C3BE1 /* AlamoAvatarView.swift */ = {isa = PBXFileReference; lastKnownFileType = sourcecode.swift; path = AlamoAvatarView.swift; sourceTree = "<group>"; };
		0EFDD943276B72C400323984 /* ChatSqlite.app */ = {isa = PBXFileReference; explicitFileType = wrapper.application; includeInIndex = 0; path = ChatSqlite.app; sourceTree = BUILT_PRODUCTS_DIR; };
		0EFDD946276B72C400323984 /* AppDelegate.swift */ = {isa = PBXFileReference; lastKnownFileType = sourcecode.swift; path = AppDelegate.swift; sourceTree = "<group>"; };
		0EFDD948276B72C400323984 /* SceneDelegate.swift */ = {isa = PBXFileReference; lastKnownFileType = sourcecode.swift; path = SceneDelegate.swift; sourceTree = "<group>"; };
		0EFDD94A276B72C400323984 /* HomeViewController.swift */ = {isa = PBXFileReference; lastKnownFileType = sourcecode.swift; path = HomeViewController.swift; sourceTree = "<group>"; };
		0EFDD94F276B72C700323984 /* Assets.xcassets */ = {isa = PBXFileReference; lastKnownFileType = folder.assetcatalog; path = Assets.xcassets; sourceTree = "<group>"; };
		0EFDD952276B72C700323984 /* Base */ = {isa = PBXFileReference; lastKnownFileType = file.storyboard; name = Base; path = Base.lproj/LaunchScreen.storyboard; sourceTree = "<group>"; };
		0EFDD954276B72C700323984 /* Info.plist */ = {isa = PBXFileReference; lastKnownFileType = text.plist.xml; path = Info.plist; sourceTree = "<group>"; };
		0EFDD960276B79F300323984 /* ConversationSQLiteStore.swift */ = {isa = PBXFileReference; lastKnownFileType = sourcecode.swift; path = ConversationSQLiteStore.swift; sourceTree = "<group>"; };
		0EFDD966276B7A3E00323984 /* Friend.swift */ = {isa = PBXFileReference; lastKnownFileType = sourcecode.swift; path = Friend.swift; sourceTree = "<group>"; };
		0EFDD968276B7A4A00323984 /* Conversation.swift */ = {isa = PBXFileReference; lastKnownFileType = sourcecode.swift; path = Conversation.swift; sourceTree = "<group>"; };
		0EFDD96A276B7A5400323984 /* Message.swift */ = {isa = PBXFileReference; lastKnownFileType = sourcecode.swift; path = Message.swift; sourceTree = "<group>"; };
		0EFDD96C276B7B0000323984 /* ServiceBasicAPIs.swift */ = {isa = PBXFileReference; lastKnownFileType = sourcecode.swift; path = ServiceBasicAPIs.swift; sourceTree = "<group>"; };
		0EFDD96E276B7D6100323984 /* FriendSQLiteStore.swift */ = {isa = PBXFileReference; lastKnownFileType = sourcecode.swift; path = FriendSQLiteStore.swift; sourceTree = "<group>"; };
		0EFDD970276B86AD00323984 /* FriendListViewController.swift */ = {isa = PBXFileReference; lastKnownFileType = sourcecode.swift; path = FriendListViewController.swift; sourceTree = "<group>"; };
		0EFDD972276B86BC00323984 /* ConversationsInteractorImpl.swift */ = {isa = PBXFileReference; lastKnownFileType = sourcecode.swift; path = ConversationsInteractorImpl.swift; sourceTree = "<group>"; };
		0EFDD974276B8BB100323984 /* FriendMediator.swift */ = {isa = PBXFileReference; lastKnownFileType = sourcecode.swift; path = FriendMediator.swift; sourceTree = "<group>"; };
		0EFDD976276C2C2A00323984 /* ChatViewController.swift */ = {isa = PBXFileReference; lastKnownFileType = sourcecode.swift; path = ChatViewController.swift; sourceTree = "<group>"; };
		0EFDD978276C2C4700323984 /* MessagesInteractorImpl.swift */ = {isa = PBXFileReference; lastKnownFileType = sourcecode.swift; path = MessagesInteractorImpl.swift; sourceTree = "<group>"; };
		0EFDD97D276C357E00323984 /* MessagesSQLiteStore.swift */ = {isa = PBXFileReference; lastKnownFileType = sourcecode.swift; path = MessagesSQLiteStore.swift; sourceTree = "<group>"; };
		0EFF595527E094BA00F4F366 /* MsgStatusSocketModel.swift */ = {isa = PBXFileReference; lastKnownFileType = sourcecode.swift; path = MsgStatusSocketModel.swift; sourceTree = "<group>"; };
/* End PBXFileReference section */

/* Begin PBXFrameworksBuildPhase section */
		0EFDD940276B72C400323984 /* Frameworks */ = {
			isa = PBXFrameworksBuildPhase;
			buildActionMask = 2147483647;
			files = (
				0EFDD95C276B798D00323984 /* SQLite in Frameworks */,
				0E062B0527CDC70E002DAF95 /* NIOPosix in Frameworks */,
				0E14DC8427CBD0D800D00151 /* NIO in Frameworks */,
				0E700911278EBDE100998BBB /* AlamofireImage in Frameworks */,
				0E062B1127CDD546002DAF95 /* NIOFoundationCompat in Frameworks */,
				0E14DC8627CBD0D800D00151 /* NIOCore in Frameworks */,
				0E14DC8827CBD0D800D00151 /* NIOTLS in Frameworks */,
			);
			runOnlyForDeploymentPostprocessing = 0;
		};
/* End PBXFrameworksBuildPhase section */

/* Begin PBXGroup section */
		0E062B0327CDC70E002DAF95 /* Frameworks */ = {
			isa = PBXGroup;
			children = (
			);
			name = Frameworks;
			sourceTree = "<group>";
		};
		0E124231277E9B7C0054D069 /* DB */ = {
			isa = PBXGroup;
			children = (
				0E66A9A9277A139400525C3B /* SQLIteStores */,
				0EFDD96C276B7B0000323984 /* ServiceBasicAPIs.swift */,
				0E6666BC2771882A00786E57 /* MessageStoreProxy.swift */,
				0EDA95792775A08300646051 /* ConversationStoreProxy.swift */,
				0E560B1D27BF5DEF0019B38C /* ConversationServiceDecorator.swift */,
				0E66A9AA277A189E00525C3B /* FriendStoreProxy.swift */,
				0E727F4F278571AA002EA7E3 /* NativeContactStore.swift */,
				0E727F5127857416002EA7E3 /* NativeContactStoreAdapter.swift */,
			);
			path = DB;
			sourceTree = "<group>";
		};
		0E124232277E9B940054D069 /* Image */ = {
			isa = PBXGroup;
			children = (
				0E2499AB2817932100A89EA9 /* MediaWorker.swift */,
				0E124246277EDA020054D069 /* BackgroundFactory.swift */,
				0E2499AD2817A08B00A89EA9 /* AvatarWorker.swift */,
				0E124245277EDA010054D069 /* ImageStore.swift */,
				0E124247277EDA020054D069 /* PhotoRequest.swift */,
				0E70090A278EB76100998BBB /* FileDownloader.swift */,
				0EEBB720281B87230020C78E /* ImageFileType.swift */,
			);
			path = Image;
			sourceTree = "<group>";
		};
		0E124235277EB6BF0054D069 /* CommonView */ = {
			isa = PBXGroup;
			children = (
				0E12423A277ED9560054D069 /* AvatarView.swift */,
				0EF89B61278ECEEF005C3BE1 /* AlamoAvatarView.swift */,
				0EF4BD42280FBDDD00A6EDE2 /* PhotoView.swift */,
			);
			path = CommonView;
			sourceTree = "<group>";
		};
		0E12423C277ED97D0054D069 /* Extensions */ = {
			isa = PBXGroup;
			children = (
				0E12423E277ED9E00054D069 /* Date+Chat.swift */,
				0E12423D277ED9E00054D069 /* UIColor+Chat.swift */,
				0E12423F277ED9E00054D069 /* UIImage+Chat.swift */,
				0E124240277ED9E00054D069 /* UIView+anchor.swift */,
				0E393FC327B3CE410011CB68 /* UIViewController+extension.swift */,
				0EC6A99528056B0400366957 /* PHAsset+Chat.swift */,
				0EB78325280962A2004F511D /* PHImageManager+Chat.swift */,
				0EE0D6EB280EB47600ADB3E3 /* String+Chat.swift */,
			);
			path = Extensions;
			sourceTree = "<group>";
		};
		0E3C0D162783F98C00B23E21 /* controllers */ = {
			isa = PBXGroup;
			children = (
				0EC6A98C2805640100366957 /* MediaViewController.swift */,
				0E124254277EF82B0054D069 /* ChatbarViewController.swift */,
				0EDC669927BA651600A2792E /* MessageCellInteractor.swift */,
				0EFDD976276C2C2A00323984 /* ChatViewController.swift */,
				0E124233277EA53D0054D069 /* MessageListViewConroller.swift */,
				0EFDD978276C2C4700323984 /* MessagesInteractorImpl.swift */,
			);
			path = controllers;
			sourceTree = "<group>";
		};
		0E3C0D172783F99800B23E21 /* views */ = {
			isa = PBXGroup;
			children = (
				0EC6A9892805639700366957 /* Cells */,
				0E44B00627F2C11400F1A790 /* BubbleTextContentView.swift */,
				0E94D0EB27991A26003485AF /* DownloadBtnView.swift */,
				0E5527FB27E5845F00597C96 /* TimestampHeaderView.swift */,
				0EC6A98E2805641300366957 /* CollageLayout.swift */,
			);
			path = views;
			sourceTree = "<group>";
		};
		0E3C0D182783F9B600B23E21 /* ChatMenu */ = {
			isa = PBXGroup;
			children = (
				0E3C0D192783F9EF00B23E21 /* ChatMenuController.swift */,
			);
			path = ChatMenu;
			sourceTree = "<group>";
		};
		0E66A9A9277A139400525C3B /* SQLIteStores */ = {
			isa = PBXGroup;
			children = (
				0EFDD960276B79F300323984 /* ConversationSQLiteStore.swift */,
				0EFDD97D276C357E00323984 /* MessagesSQLiteStore.swift */,
				0EFDD96E276B7D6100323984 /* FriendSQLiteStore.swift */,
			);
			path = SQLIteStores;
			sourceTree = "<group>";
		};
		0E7008CE2787F3AC00998BBB /* controllers */ = {
			isa = PBXGroup;
			children = (
				0EFDD94A276B72C400323984 /* HomeViewController.swift */,
				0EFDD972276B86BC00323984 /* ConversationsInteractorImpl.swift */,
			);
			path = controllers;
			sourceTree = "<group>";
		};
		0E7008CF2787F3C800998BBB /* views */ = {
			isa = PBXGroup;
			children = (
				0E124250277EF3A10054D069 /* ConversationCell.swift */,
				0E393FC127B3C1A40011CB68 /* ConversationListViewController.swift */,
				0E124252277EF4590054D069 /* ConvConfigController.swift */,
				0EA0589C27D7A02900E7E708 /* PostButton.swift */,
			);
			path = views;
			sourceTree = "<group>";
		};
		0E7008D0278806E400998BBB /* NewContact */ = {
			isa = PBXGroup;
			children = (
				0E7008E027881EA400998BBB /* controllers */,
				0E7008DF27881E7F00998BBB /* views */,
			);
			path = NewContact;
			sourceTree = "<group>";
		};
		0E7008DF27881E7F00998BBB /* views */ = {
			isa = PBXGroup;
			children = (
				0E7008D1278806E400998BBB /* FriendDeleteCell.swift */,
				0E7008D4278806E400998BBB /* FriendDetailAvatarCell.swift */,
				0E7008D5278806E400998BBB /* FriendAvatarEditCell.swift */,
				0E7008D2278806E400998BBB /* FriendTextEditCell.swift */,
			);
			path = views;
			sourceTree = "<group>";
		};
		0E7008E027881EA400998BBB /* controllers */ = {
			isa = PBXGroup;
			children = (
				0E7008D6278806E400998BBB /* FriendDetailController.swift */,
				0E7008D7278806E400998BBB /* FriendEditDataSource.swift */,
				0E7008D3278806E400998BBB /* FriendDetailDataSource.swift */,
			);
			path = controllers;
			sourceTree = "<group>";
		};
		0E79FB9427C67CBC0039E8E6 /* Socket */ = {
			isa = PBXGroup;
			children = (
				0E79FB9527C67CCA0039E8E6 /* SocketDelegate.swift */,
				0EA8F34B27C88D5A00B060B2 /* SocketService.swift */,
				0E062B0827CDCB14002DAF95 /* RawSocketClient.swift */,
				0E062B1227CDD5BF002DAF95 /* ModelCodecHandlers.swift */,
				0E7E897C27D10C64004375F7 /* DelegateHandlers.swift */,
				0E062B0A27CDCBF2002DAF95 /* Utils.swift */,
				0E062B0E27CDD421002DAF95 /* JSONCodableCodec.swift */,
				0EFF595527E094BA00F4F366 /* MsgStatusSocketModel.swift */,
				0E062B1427CDFCF7002DAF95 /* SocketModel.swift */,
				0E50A73C27EAD62700DC7787 /* ModelCodecOutboundHandler.swift */,
			);
			path = Socket;
			sourceTree = "<group>";
		};
		0E98F90F27B0F95100F7564E /* InMemo */ = {
			isa = PBXGroup;
			children = (
				0E124248277EDA020054D069 /* Theme.swift */,
				0E2395B827708340006B2DE2 /* FriendDomain.swift */,
				0E2395BA2770834C006B2DE2 /* ConversationDomain.swift */,
				0E2395BC2770835A006B2DE2 /* MessageDomain.swift */,
				0E50A73E27EDA4AF00DC7787 /* MessageBody.swift */,
			);
			path = InMemo;
			sourceTree = "<group>";
		};
		0E98F91027B0F96400F7564E /* External */ = {
			isa = PBXGroup;
			children = (
				0EFDD966276B7A3E00323984 /* Friend.swift */,
				0EFDD968276B7A4A00323984 /* Conversation.swift */,
				0EFDD96A276B7A5400323984 /* Message.swift */,
			);
			path = External;
			sourceTree = "<group>";
		};
		0E99D1B627E81D8900840C87 /* MediaGallery */ = {
			isa = PBXGroup;
			children = (
				0EC6A9862805615600366957 /* views */,
				0EC6A9842805613200366957 /* NoAccessViewController.swift */,
				0EC6A9822805610E00366957 /* LocalGalleryView.xib */,
				0E99D1B727E81DC200840C87 /* PhotoGalleryViewController.swift */,
				0EC6A97E2805604700366957 /* GalleryContainerViewController.swift */,
				0EC6A9802805608F00366957 /* LocalGalleryService.swift */,
			);
			path = MediaGallery;
			sourceTree = "<group>";
		};
		0EA597EB27D20FA900F4B2AC /* Connection */ = {
			isa = PBXGroup;
			children = (
				0ED966D027CF5F2200393E35 /* ReachabilityService.swift */,
				0E7E931327D05E2C00936B35 /* UserSettings.swift */,
			);
			path = Connection;
			sourceTree = "<group>";
		};
		0EC6A9862805615600366957 /* views */ = {
			isa = PBXGroup;
			children = (
				0EC6A9872805616200366957 /* LocalPhotoCell.swift */,
			);
			path = views;
			sourceTree = "<group>";
		};
		0EC6A9892805639700366957 /* Cells */ = {
			isa = PBXGroup;
			children = (
				0E124255277EF82B0054D069 /* MessageCell.swift */,
				0E0D55952800356C00B1DD0F /* TextMessageCell.swift */,
				0EC6A98A280563F000366957 /* ImageGridCell.swift */,
				0E44B00C27F2EA8900F1A790 /* ImageCell.swift */,
				0EC6A9912805683400366957 /* PhotoViewGridCell.swift */,
			);
			path = Cells;
			sourceTree = "<group>";
		};
		0EDA95782774628700646051 /* LowServices */ = {
			isa = PBXGroup;
			children = (
				0E124232277E9B940054D069 /* Image */,
				0E124231277E9B7C0054D069 /* DB */,
			);
			path = LowServices;
			sourceTree = "<group>";
		};
		0EDC669627BA056F00A2792E /* App */ = {
			isa = PBXGroup;
			children = (
				0EFDD946276B72C400323984 /* AppDelegate.swift */,
				0EFDD948276B72C400323984 /* SceneDelegate.swift */,
				0E15EC3127742B790082FA1B /* SQLiteManager.swift */,
				0E560B1727BF48660019B38C /* ConversationWorker.swift */,
				0E560B1927BF4AE20019B38C /* MessageListWorker.swift */,
				0E560B1B27BF53070019B38C /* ChatService.swift */,
				0E560B1F27BF60030019B38C /* ChatServiceManager.swift */,
			);
			path = App;
			sourceTree = "<group>";
		};
		0EFDD93A276B72C400323984 = {
			isa = PBXGroup;
			children = (
				0EFDD945276B72C400323984 /* ChatSqlite */,
				0EFDD944276B72C400323984 /* Products */,
				0E062B0327CDC70E002DAF95 /* Frameworks */,
			);
			sourceTree = "<group>";
		};
		0EFDD944276B72C400323984 /* Products */ = {
			isa = PBXGroup;
			children = (
				0EFDD943276B72C400323984 /* ChatSqlite.app */,
			);
			name = Products;
			sourceTree = "<group>";
		};
		0EFDD945276B72C400323984 /* ChatSqlite */ = {
			isa = PBXGroup;
			children = (
				0EA597EB27D20FA900F4B2AC /* Connection */,
				0E79FB9427C67CBC0039E8E6 /* Socket */,
				0EDC669627BA056F00A2792E /* App */,
				0EDA95782774628700646051 /* LowServices */,
				0EFDD95F276B79C300323984 /* Models */,
				0EFDD95E276B79BD00323984 /* Scenes */,
				0E12423C277ED97D0054D069 /* Extensions */,
				0EFDD94F276B72C700323984 /* Assets.xcassets */,
				0EFDD951276B72C700323984 /* LaunchScreen.storyboard */,
				0EFDD954276B72C700323984 /* Info.plist */,
			);
			path = ChatSqlite;
			sourceTree = "<group>";
		};
		0EFDD95E276B79BD00323984 /* Scenes */ = {
			isa = PBXGroup;
			children = (
				0E124235277EB6BF0054D069 /* CommonView */,
				0E99D1B627E81D8900840C87 /* MediaGallery */,
				0EFDD97A276C2E8F00323984 /* Conversations */,
				0EFDD97C276C2E9B00323984 /* Messages */,
				0E3C0D182783F9B600B23E21 /* ChatMenu */,
				0EFDD97B276C2E9600323984 /* Friends */,
				0E7008D0278806E400998BBB /* NewContact */,
			);
			path = Scenes;
			sourceTree = "<group>";
		};
		0EFDD95F276B79C300323984 /* Models */ = {
			isa = PBXGroup;
			children = (
				0E98F91027B0F96400F7564E /* External */,
				0E98F90F27B0F95100F7564E /* InMemo */,
			);
			path = Models;
			sourceTree = "<group>";
		};
		0EFDD97A276C2E8F00323984 /* Conversations */ = {
			isa = PBXGroup;
			children = (
				0E837C0A27B4F47C00317E0B /* HomeModule.swift */,
				0E837C0C27B4F8B000317E0B /* HomeRouter.swift */,
				0E7008CF2787F3C800998BBB /* views */,
				0E7008CE2787F3AC00998BBB /* controllers */,
			);
			path = Conversations;
			sourceTree = "<group>";
		};
		0EFDD97B276C2E9600323984 /* Friends */ = {
			isa = PBXGroup;
			children = (
				0EDC669B27BA698A00A2792E /* FriendRouter.swift */,
				0E12424D277EDABD0054D069 /* SearchContactCell.swift */,
				0EFDD970276B86AD00323984 /* FriendListViewController.swift */,
				0E124236277EB6E20054D069 /* FriendDataSource.swift */,
				0EFDD974276B8BB100323984 /* FriendMediator.swift */,
				0E51D2D127E04B2100748987 /* FriendHeaderView.swift */,
			);
			path = Friends;
			sourceTree = "<group>";
		};
		0EFDD97C276C2E9B00323984 /* Messages */ = {
			isa = PBXGroup;
			children = (
				0E837C1027B5077F00317E0B /* ChatModule.swift */,
				0E837C1227B508EE00317E0B /* ChatRouter.swift */,
				0E124256277EF82B0054D069 /* BubbleConstant.swift */,
				0E3C0D172783F99800B23E21 /* views */,
				0E3C0D162783F98C00B23E21 /* controllers */,
			);
			path = Messages;
			sourceTree = "<group>";
		};
/* End PBXGroup section */

/* Begin PBXNativeTarget section */
		0EFDD942276B72C400323984 /* ChatSqlite */ = {
			isa = PBXNativeTarget;
			buildConfigurationList = 0EFDD957276B72C700323984 /* Build configuration list for PBXNativeTarget "ChatSqlite" */;
			buildPhases = (
				0EFDD93F276B72C400323984 /* Sources */,
				0EFDD940276B72C400323984 /* Frameworks */,
				0EFDD941276B72C400323984 /* Resources */,
			);
			buildRules = (
			);
			dependencies = (
			);
			name = ChatSqlite;
			packageProductDependencies = (
				0EFDD95B276B798D00323984 /* SQLite */,
				0E700910278EBDE100998BBB /* AlamofireImage */,
				0E14DC8327CBD0D800D00151 /* NIO */,
				0E14DC8527CBD0D800D00151 /* NIOCore */,
				0E14DC8727CBD0D800D00151 /* NIOTLS */,
				0E062B0427CDC70E002DAF95 /* NIOPosix */,
				0E062B1027CDD546002DAF95 /* NIOFoundationCompat */,
			);
			productName = ChatSqlite;
			productReference = 0EFDD943276B72C400323984 /* ChatSqlite.app */;
			productType = "com.apple.product-type.application";
		};
/* End PBXNativeTarget section */

/* Begin PBXProject section */
		0EFDD93B276B72C400323984 /* Project object */ = {
			isa = PBXProject;
			attributes = {
				BuildIndependentTargetsInParallel = 1;
				LastSwiftUpdateCheck = 1310;
				LastUpgradeCheck = 1310;
				TargetAttributes = {
					0EFDD942276B72C400323984 = {
						CreatedOnToolsVersion = 13.1;
					};
				};
			};
			buildConfigurationList = 0EFDD93E276B72C400323984 /* Build configuration list for PBXProject "ChatSqlite" */;
			compatibilityVersion = "Xcode 13.0";
			developmentRegion = en;
			hasScannedForEncodings = 0;
			knownRegions = (
				en,
				Base,
			);
			mainGroup = 0EFDD93A276B72C400323984;
			packageReferences = (
				0EFDD95A276B798D00323984 /* XCRemoteSwiftPackageReference "SQLite.swift" */,
				0E70090F278EBDE100998BBB /* XCRemoteSwiftPackageReference "AlamofireImage" */,
				0E14DC8227CBD0D800D00151 /* XCRemoteSwiftPackageReference "swift-nio" */,
			);
			productRefGroup = 0EFDD944276B72C400323984 /* Products */;
			projectDirPath = "";
			projectRoot = "";
			targets = (
				0EFDD942276B72C400323984 /* ChatSqlite */,
			);
		};
/* End PBXProject section */

/* Begin PBXResourcesBuildPhase section */
		0EFDD941276B72C400323984 /* Resources */ = {
			isa = PBXResourcesBuildPhase;
			buildActionMask = 2147483647;
			files = (
				0EC6A9832805610F00366957 /* LocalGalleryView.xib in Resources */,
				0EFDD953276B72C700323984 /* LaunchScreen.storyboard in Resources */,
				0EFDD950276B72C700323984 /* Assets.xcassets in Resources */,
			);
			runOnlyForDeploymentPostprocessing = 0;
		};
/* End PBXResourcesBuildPhase section */

/* Begin PBXSourcesBuildPhase section */
		0EFDD93F276B72C400323984 /* Sources */ = {
			isa = PBXSourcesBuildPhase;
			buildActionMask = 2147483647;
			files = (
				0EFDD975276B8BB100323984 /* FriendMediator.swift in Sources */,
				0E124258277EF82B0054D069 /* MessageCell.swift in Sources */,
				0E0D55962800356C00B1DD0F /* TextMessageCell.swift in Sources */,
				0E2395BD2770835A006B2DE2 /* MessageDomain.swift in Sources */,
				0EC6A98F2805641300366957 /* CollageLayout.swift in Sources */,
				0E124257277EF82B0054D069 /* ChatbarViewController.swift in Sources */,
				0EDC669C27BA698A00A2792E /* FriendRouter.swift in Sources */,
				0E7E931427D05E2C00936B35 /* UserSettings.swift in Sources */,
				0EC6A97F2805604700366957 /* GalleryContainerViewController.swift in Sources */,
				0E393FC227B3C1A40011CB68 /* ConversationListViewController.swift in Sources */,
				0EFDD97E276C357E00323984 /* MessagesSQLiteStore.swift in Sources */,
				0EFF595627E094BA00F4F366 /* MsgStatusSocketModel.swift in Sources */,
				0EFDD969276B7A4A00323984 /* Conversation.swift in Sources */,
				0EA0589D27D7A02900E7E708 /* PostButton.swift in Sources */,
				0EC6A9852805613200366957 /* NoAccessViewController.swift in Sources */,
				0EFDD971276B86AD00323984 /* FriendListViewController.swift in Sources */,
				0E837C0B27B4F47C00317E0B /* HomeModule.swift in Sources */,
				0EFDD967276B7A3E00323984 /* Friend.swift in Sources */,
				0EFDD977276C2C2A00323984 /* ChatViewController.swift in Sources */,
				0E560B1A27BF4AE20019B38C /* MessageListWorker.swift in Sources */,
				0E12423B277ED9560054D069 /* AvatarView.swift in Sources */,
				0E7008DE278806E400998BBB /* FriendEditDataSource.swift in Sources */,
				0EF4BD43280FBDDD00A6EDE2 /* PhotoView.swift in Sources */,
				0E2499AC2817932100A89EA9 /* MediaWorker.swift in Sources */,
				0E124242277ED9E00054D069 /* Date+Chat.swift in Sources */,
				0E124243277ED9E00054D069 /* UIImage+Chat.swift in Sources */,
				0E5527FC27E5845F00597C96 /* TimestampHeaderView.swift in Sources */,
				0EFDD94B276B72C400323984 /* HomeViewController.swift in Sources */,
				0EFDD96D276B7B0000323984 /* ServiceBasicAPIs.swift in Sources */,
				0E7008DB278806E400998BBB /* FriendDetailAvatarCell.swift in Sources */,
				0E393FC427B3CE410011CB68 /* UIViewController+extension.swift in Sources */,
				0E12424E277EDABD0054D069 /* SearchContactCell.swift in Sources */,
				0EDA957A2775A08300646051 /* ConversationStoreProxy.swift in Sources */,
				0EFDD96F276B7D6100323984 /* FriendSQLiteStore.swift in Sources */,
				0EFDD973276B86BC00323984 /* ConversationsInteractorImpl.swift in Sources */,
				0EEBB721281B87230020C78E /* ImageFileType.swift in Sources */,
				0EFDD961276B79F300323984 /* ConversationSQLiteStore.swift in Sources */,
				0E124244277ED9E00054D069 /* UIView+anchor.swift in Sources */,
				0E6666BD2771882A00786E57 /* MessageStoreProxy.swift in Sources */,
				0EC6A98B280563F000366957 /* ImageGridCell.swift in Sources */,
				0E560B1E27BF5DEF0019B38C /* ConversationServiceDecorator.swift in Sources */,
				0E837C1327B508EE00317E0B /* ChatRouter.swift in Sources */,
				0EFDD947276B72C400323984 /* AppDelegate.swift in Sources */,
				0E66A9AB277A189E00525C3B /* FriendStoreProxy.swift in Sources */,
				0EC6A9812805608F00366957 /* LocalGalleryService.swift in Sources */,
				0E7008DD278806E400998BBB /* FriendDetailController.swift in Sources */,
				0EFDD949276B72C400323984 /* SceneDelegate.swift in Sources */,
				0E124234277EA53D0054D069 /* MessageListViewConroller.swift in Sources */,
				0E79FB9627C67CCA0039E8E6 /* SocketDelegate.swift in Sources */,
				0E2395BB2770834C006B2DE2 /* ConversationDomain.swift in Sources */,
				0E50A73D27EAD62700DC7787 /* ModelCodecOutboundHandler.swift in Sources */,
				0E44B00D27F2EA8900F1A790 /* ImageCell.swift in Sources */,
				0E2395B927708340006B2DE2 /* FriendDomain.swift in Sources */,
				0E51D2D227E04B2100748987 /* FriendHeaderView.swift in Sources */,
				0E560B2027BF60030019B38C /* ChatServiceManager.swift in Sources */,
				0EE0D6EC280EB47600ADB3E3 /* String+Chat.swift in Sources */,
				0EC6A98D2805640100366957 /* MediaViewController.swift in Sources */,
				0E15EC3227742B790082FA1B /* SQLiteManager.swift in Sources */,
				0E124253277EF4590054D069 /* ConvConfigController.swift in Sources */,
				0EDC669A27BA651600A2792E /* MessageCellInteractor.swift in Sources */,
				0E062B1327CDD5BF002DAF95 /* ModelCodecHandlers.swift in Sources */,
				0E7E897D27D10C64004375F7 /* DelegateHandlers.swift in Sources */,
				0E062B0F27CDD421002DAF95 /* JSONCodableCodec.swift in Sources */,
				0E7008DA278806E400998BBB /* FriendDetailDataSource.swift in Sources */,
				0E94D0EC27991A26003485AF /* DownloadBtnView.swift in Sources */,
				0E124237277EB6E20054D069 /* FriendDataSource.swift in Sources */,
				0E560B1C27BF53070019B38C /* ChatService.swift in Sources */,
				0E560B1827BF48660019B38C /* ConversationWorker.swift in Sources */,
				0E727F50278571AA002EA7E3 /* NativeContactStore.swift in Sources */,
				0E12424C277EDA020054D069 /* Theme.swift in Sources */,
				0E7008DC278806E400998BBB /* FriendAvatarEditCell.swift in Sources */,
				0E12424A277EDA020054D069 /* BackgroundFactory.swift in Sources */,
				0E124249277EDA020054D069 /* ImageStore.swift in Sources */,
				0E124241277ED9E00054D069 /* UIColor+Chat.swift in Sources */,
				0E7008D8278806E400998BBB /* FriendDeleteCell.swift in Sources */,
				0E3C0D1A2783F9EF00B23E21 /* ChatMenuController.swift in Sources */,
				0EC6A9882805616200366957 /* LocalPhotoCell.swift in Sources */,
				0E062B1527CDFCF7002DAF95 /* SocketModel.swift in Sources */,
				0E062B0927CDCB14002DAF95 /* RawSocketClient.swift in Sources */,
				0E837C0D27B4F8B000317E0B /* HomeRouter.swift in Sources */,
				0EB78326280962A2004F511D /* PHImageManager+Chat.swift in Sources */,
				0EFDD96B276B7A5400323984 /* Message.swift in Sources */,
				0E44B00727F2C11400F1A790 /* BubbleTextContentView.swift in Sources */,
				0EC6A99628056B0400366957 /* PHAsset+Chat.swift in Sources */,
				0EF89B62278ECEEF005C3BE1 /* AlamoAvatarView.swift in Sources */,
				0E12424B277EDA020054D069 /* PhotoRequest.swift in Sources */,
				0E062B0B27CDCBF2002DAF95 /* Utils.swift in Sources */,
				0EA8F34C27C88D5A00B060B2 /* SocketService.swift in Sources */,
				0E837C1127B5077F00317E0B /* ChatModule.swift in Sources */,
				0E50A73F27EDA4AF00DC7787 /* MessageBody.swift in Sources */,
				0E2499AE2817A08B00A89EA9 /* AvatarWorker.swift in Sources */,
				0E7008D9278806E400998BBB /* FriendTextEditCell.swift in Sources */,
				0EC6A9922805683400366957 /* PhotoViewGridCell.swift in Sources */,
				0E124251277EF3A10054D069 /* ConversationCell.swift in Sources */,
				0E70090B278EB76100998BBB /* FileDownloader.swift in Sources */,
				0E99D1B827E81DC200840C87 /* PhotoGalleryViewController.swift in Sources */,
				0ED966D127CF5F2200393E35 /* ReachabilityService.swift in Sources */,
				0E727F5227857416002EA7E3 /* NativeContactStoreAdapter.swift in Sources */,
				0EFDD979276C2C4700323984 /* MessagesInteractorImpl.swift in Sources */,
				0E124259277EF82B0054D069 /* BubbleConstant.swift in Sources */,
			);
			runOnlyForDeploymentPostprocessing = 0;
		};
/* End PBXSourcesBuildPhase section */

/* Begin PBXVariantGroup section */
		0EFDD951276B72C700323984 /* LaunchScreen.storyboard */ = {
			isa = PBXVariantGroup;
			children = (
				0EFDD952276B72C700323984 /* Base */,
			);
			name = LaunchScreen.storyboard;
			sourceTree = "<group>";
		};
/* End PBXVariantGroup section */

/* Begin XCBuildConfiguration section */
		0EFDD955276B72C700323984 /* Debug */ = {
			isa = XCBuildConfiguration;
			buildSettings = {
				ALWAYS_SEARCH_USER_PATHS = NO;
				CLANG_ANALYZER_NONNULL = YES;
				CLANG_ANALYZER_NUMBER_OBJECT_CONVERSION = YES_AGGRESSIVE;
				CLANG_CXX_LANGUAGE_STANDARD = "gnu++17";
				CLANG_CXX_LIBRARY = "libc++";
				CLANG_ENABLE_MODULES = YES;
				CLANG_ENABLE_OBJC_ARC = YES;
				CLANG_ENABLE_OBJC_WEAK = YES;
				CLANG_WARN_BLOCK_CAPTURE_AUTORELEASING = YES;
				CLANG_WARN_BOOL_CONVERSION = YES;
				CLANG_WARN_COMMA = YES;
				CLANG_WARN_CONSTANT_CONVERSION = YES;
				CLANG_WARN_DEPRECATED_OBJC_IMPLEMENTATIONS = YES;
				CLANG_WARN_DIRECT_OBJC_ISA_USAGE = YES_ERROR;
				CLANG_WARN_DOCUMENTATION_COMMENTS = YES;
				CLANG_WARN_EMPTY_BODY = YES;
				CLANG_WARN_ENUM_CONVERSION = YES;
				CLANG_WARN_INFINITE_RECURSION = YES;
				CLANG_WARN_INT_CONVERSION = YES;
				CLANG_WARN_NON_LITERAL_NULL_CONVERSION = YES;
				CLANG_WARN_OBJC_IMPLICIT_RETAIN_SELF = YES;
				CLANG_WARN_OBJC_LITERAL_CONVERSION = YES;
				CLANG_WARN_OBJC_ROOT_CLASS = YES_ERROR;
				CLANG_WARN_QUOTED_INCLUDE_IN_FRAMEWORK_HEADER = YES;
				CLANG_WARN_RANGE_LOOP_ANALYSIS = YES;
				CLANG_WARN_STRICT_PROTOTYPES = YES;
				CLANG_WARN_SUSPICIOUS_MOVE = YES;
				CLANG_WARN_UNGUARDED_AVAILABILITY = YES_AGGRESSIVE;
				CLANG_WARN_UNREACHABLE_CODE = YES;
				CLANG_WARN__DUPLICATE_METHOD_MATCH = YES;
				COPY_PHASE_STRIP = NO;
				DEBUG_INFORMATION_FORMAT = dwarf;
				ENABLE_STRICT_OBJC_MSGSEND = YES;
				ENABLE_TESTABILITY = YES;
				GCC_C_LANGUAGE_STANDARD = gnu11;
				GCC_DYNAMIC_NO_PIC = NO;
				GCC_NO_COMMON_BLOCKS = YES;
				GCC_OPTIMIZATION_LEVEL = 0;
				GCC_PREPROCESSOR_DEFINITIONS = (
					"DEBUG=1",
					"$(inherited)",
				);
				GCC_WARN_64_TO_32_BIT_CONVERSION = YES;
				GCC_WARN_ABOUT_RETURN_TYPE = YES_ERROR;
				GCC_WARN_UNDECLARED_SELECTOR = YES;
				GCC_WARN_UNINITIALIZED_AUTOS = YES_AGGRESSIVE;
				GCC_WARN_UNUSED_FUNCTION = YES;
				GCC_WARN_UNUSED_VARIABLE = YES;
				IPHONEOS_DEPLOYMENT_TARGET = 15.0;
				MTL_ENABLE_DEBUG_INFO = INCLUDE_SOURCE;
				MTL_FAST_MATH = YES;
				ONLY_ACTIVE_ARCH = YES;
				SDKROOT = iphoneos;
				SWIFT_ACTIVE_COMPILATION_CONDITIONS = DEBUG;
				SWIFT_OPTIMIZATION_LEVEL = "-Onone";
			};
			name = Debug;
		};
		0EFDD956276B72C700323984 /* Release */ = {
			isa = XCBuildConfiguration;
			buildSettings = {
				ALWAYS_SEARCH_USER_PATHS = NO;
				CLANG_ANALYZER_NONNULL = YES;
				CLANG_ANALYZER_NUMBER_OBJECT_CONVERSION = YES_AGGRESSIVE;
				CLANG_CXX_LANGUAGE_STANDARD = "gnu++17";
				CLANG_CXX_LIBRARY = "libc++";
				CLANG_ENABLE_MODULES = YES;
				CLANG_ENABLE_OBJC_ARC = YES;
				CLANG_ENABLE_OBJC_WEAK = YES;
				CLANG_WARN_BLOCK_CAPTURE_AUTORELEASING = YES;
				CLANG_WARN_BOOL_CONVERSION = YES;
				CLANG_WARN_COMMA = YES;
				CLANG_WARN_CONSTANT_CONVERSION = YES;
				CLANG_WARN_DEPRECATED_OBJC_IMPLEMENTATIONS = YES;
				CLANG_WARN_DIRECT_OBJC_ISA_USAGE = YES_ERROR;
				CLANG_WARN_DOCUMENTATION_COMMENTS = YES;
				CLANG_WARN_EMPTY_BODY = YES;
				CLANG_WARN_ENUM_CONVERSION = YES;
				CLANG_WARN_INFINITE_RECURSION = YES;
				CLANG_WARN_INT_CONVERSION = YES;
				CLANG_WARN_NON_LITERAL_NULL_CONVERSION = YES;
				CLANG_WARN_OBJC_IMPLICIT_RETAIN_SELF = YES;
				CLANG_WARN_OBJC_LITERAL_CONVERSION = YES;
				CLANG_WARN_OBJC_ROOT_CLASS = YES_ERROR;
				CLANG_WARN_QUOTED_INCLUDE_IN_FRAMEWORK_HEADER = YES;
				CLANG_WARN_RANGE_LOOP_ANALYSIS = YES;
				CLANG_WARN_STRICT_PROTOTYPES = YES;
				CLANG_WARN_SUSPICIOUS_MOVE = YES;
				CLANG_WARN_UNGUARDED_AVAILABILITY = YES_AGGRESSIVE;
				CLANG_WARN_UNREACHABLE_CODE = YES;
				CLANG_WARN__DUPLICATE_METHOD_MATCH = YES;
				COPY_PHASE_STRIP = NO;
				DEBUG_INFORMATION_FORMAT = "dwarf-with-dsym";
				ENABLE_NS_ASSERTIONS = NO;
				ENABLE_STRICT_OBJC_MSGSEND = YES;
				GCC_C_LANGUAGE_STANDARD = gnu11;
				GCC_NO_COMMON_BLOCKS = YES;
				GCC_WARN_64_TO_32_BIT_CONVERSION = YES;
				GCC_WARN_ABOUT_RETURN_TYPE = YES_ERROR;
				GCC_WARN_UNDECLARED_SELECTOR = YES;
				GCC_WARN_UNINITIALIZED_AUTOS = YES_AGGRESSIVE;
				GCC_WARN_UNUSED_FUNCTION = YES;
				GCC_WARN_UNUSED_VARIABLE = YES;
				IPHONEOS_DEPLOYMENT_TARGET = 15.0;
				MTL_ENABLE_DEBUG_INFO = NO;
				MTL_FAST_MATH = YES;
				SDKROOT = iphoneos;
				SWIFT_COMPILATION_MODE = wholemodule;
				SWIFT_OPTIMIZATION_LEVEL = "-O";
				VALIDATE_PRODUCT = YES;
			};
			name = Release;
		};
		0EFDD958276B72C700323984 /* Debug */ = {
			isa = XCBuildConfiguration;
			buildSettings = {
				ASSETCATALOG_COMPILER_APPICON_NAME = AppIcon;
				ASSETCATALOG_COMPILER_GLOBAL_ACCENT_COLOR_NAME = AccentColor;
				CODE_SIGN_STYLE = Automatic;
				CURRENT_PROJECT_VERSION = 1;
				DEVELOPMENT_TEAM = UBHQB9F5N3;
				GENERATE_INFOPLIST_FILE = YES;
				INFOPLIST_FILE = ChatSqlite/Info.plist;
				INFOPLIST_KEY_CFBundleDisplayName = "Let's chat!";
				INFOPLIST_KEY_NSContactsUsageDescription = "Sync you contacts info to our app for better experience";
				INFOPLIST_KEY_UIApplicationSupportsIndirectInputEvents = YES;
				INFOPLIST_KEY_UILaunchStoryboardName = LaunchScreen;
				INFOPLIST_KEY_UISupportedInterfaceOrientations_iPad = "UIInterfaceOrientationPortrait UIInterfaceOrientationPortraitUpsideDown UIInterfaceOrientationLandscapeLeft UIInterfaceOrientationLandscapeRight";
				INFOPLIST_KEY_UISupportedInterfaceOrientations_iPhone = "UIInterfaceOrientationPortrait UIInterfaceOrientationLandscapeLeft UIInterfaceOrientationLandscapeRight";
				LD_RUNPATH_SEARCH_PATHS = (
					"$(inherited)",
					"@executable_path/Frameworks",
				);
				MARKETING_VERSION = 1.0;
				PRODUCT_BUNDLE_IDENTIFIER = zalo.vng.ChatSqlite;
				PRODUCT_NAME = "$(TARGET_NAME)";
				SWIFT_EMIT_LOC_STRINGS = YES;
				SWIFT_VERSION = 5.0;
				TARGETED_DEVICE_FAMILY = "1,2";
			};
			name = Debug;
		};
		0EFDD959276B72C700323984 /* Release */ = {
			isa = XCBuildConfiguration;
			buildSettings = {
				ASSETCATALOG_COMPILER_APPICON_NAME = AppIcon;
				ASSETCATALOG_COMPILER_GLOBAL_ACCENT_COLOR_NAME = AccentColor;
				CODE_SIGN_STYLE = Automatic;
				CURRENT_PROJECT_VERSION = 1;
				DEVELOPMENT_TEAM = UBHQB9F5N3;
				GENERATE_INFOPLIST_FILE = YES;
				INFOPLIST_FILE = ChatSqlite/Info.plist;
				INFOPLIST_KEY_CFBundleDisplayName = "Let's chat!";
				INFOPLIST_KEY_NSContactsUsageDescription = "Sync you contacts info to our app for better experience";
				INFOPLIST_KEY_UIApplicationSupportsIndirectInputEvents = YES;
				INFOPLIST_KEY_UILaunchStoryboardName = LaunchScreen;
				INFOPLIST_KEY_UISupportedInterfaceOrientations_iPad = "UIInterfaceOrientationPortrait UIInterfaceOrientationPortraitUpsideDown UIInterfaceOrientationLandscapeLeft UIInterfaceOrientationLandscapeRight";
				INFOPLIST_KEY_UISupportedInterfaceOrientations_iPhone = "UIInterfaceOrientationPortrait UIInterfaceOrientationLandscapeLeft UIInterfaceOrientationLandscapeRight";
				LD_RUNPATH_SEARCH_PATHS = (
					"$(inherited)",
					"@executable_path/Frameworks",
				);
				MARKETING_VERSION = 1.0;
				PRODUCT_BUNDLE_IDENTIFIER = zalo.vng.ChatSqlite;
				PRODUCT_NAME = "$(TARGET_NAME)";
				SWIFT_EMIT_LOC_STRINGS = YES;
				SWIFT_VERSION = 5.0;
				TARGETED_DEVICE_FAMILY = "1,2";
			};
			name = Release;
		};
/* End XCBuildConfiguration section */

/* Begin XCConfigurationList section */
		0EFDD93E276B72C400323984 /* Build configuration list for PBXProject "ChatSqlite" */ = {
			isa = XCConfigurationList;
			buildConfigurations = (
				0EFDD955276B72C700323984 /* Debug */,
				0EFDD956276B72C700323984 /* Release */,
			);
			defaultConfigurationIsVisible = 0;
			defaultConfigurationName = Release;
		};
		0EFDD957276B72C700323984 /* Build configuration list for PBXNativeTarget "ChatSqlite" */ = {
			isa = XCConfigurationList;
			buildConfigurations = (
				0EFDD958276B72C700323984 /* Debug */,
				0EFDD959276B72C700323984 /* Release */,
			);
			defaultConfigurationIsVisible = 0;
			defaultConfigurationName = Release;
		};
/* End XCConfigurationList section */

/* Begin XCRemoteSwiftPackageReference section */
		0E14DC8227CBD0D800D00151 /* XCRemoteSwiftPackageReference "swift-nio" */ = {
			isa = XCRemoteSwiftPackageReference;
			repositoryURL = "https://github.com/apple/swift-nio.git";
			requirement = {
				kind = upToNextMajorVersion;
				minimumVersion = 2.0.0;
			};
		};
		0E70090F278EBDE100998BBB /* XCRemoteSwiftPackageReference "AlamofireImage" */ = {
			isa = XCRemoteSwiftPackageReference;
			repositoryURL = "https://github.com/Alamofire/AlamofireImage.git";
			requirement = {
				kind = upToNextMajorVersion;
				minimumVersion = 4.0.0;
			};
		};
		0EFDD95A276B798D00323984 /* XCRemoteSwiftPackageReference "SQLite.swift" */ = {
			isa = XCRemoteSwiftPackageReference;
			repositoryURL = "https://github.com/stephencelis/SQLite.swift.git";
			requirement = {
				kind = upToNextMajorVersion;
				minimumVersion = 0.9.2;
			};
		};
/* End XCRemoteSwiftPackageReference section */

/* Begin XCSwiftPackageProductDependency section */
		0E062B0427CDC70E002DAF95 /* NIOPosix */ = {
			isa = XCSwiftPackageProductDependency;
			package = 0E14DC8227CBD0D800D00151 /* XCRemoteSwiftPackageReference "swift-nio" */;
			productName = NIOPosix;
		};
		0E062B1027CDD546002DAF95 /* NIOFoundationCompat */ = {
			isa = XCSwiftPackageProductDependency;
			package = 0E14DC8227CBD0D800D00151 /* XCRemoteSwiftPackageReference "swift-nio" */;
			productName = NIOFoundationCompat;
		};
		0E14DC8327CBD0D800D00151 /* NIO */ = {
			isa = XCSwiftPackageProductDependency;
			package = 0E14DC8227CBD0D800D00151 /* XCRemoteSwiftPackageReference "swift-nio" */;
			productName = NIO;
		};
		0E14DC8527CBD0D800D00151 /* NIOCore */ = {
			isa = XCSwiftPackageProductDependency;
			package = 0E14DC8227CBD0D800D00151 /* XCRemoteSwiftPackageReference "swift-nio" */;
			productName = NIOCore;
		};
		0E14DC8727CBD0D800D00151 /* NIOTLS */ = {
			isa = XCSwiftPackageProductDependency;
			package = 0E14DC8227CBD0D800D00151 /* XCRemoteSwiftPackageReference "swift-nio" */;
			productName = NIOTLS;
		};
		0E700910278EBDE100998BBB /* AlamofireImage */ = {
			isa = XCSwiftPackageProductDependency;
			package = 0E70090F278EBDE100998BBB /* XCRemoteSwiftPackageReference "AlamofireImage" */;
			productName = AlamofireImage;
		};
		0EFDD95B276B798D00323984 /* SQLite */ = {
			isa = XCSwiftPackageProductDependency;
			package = 0EFDD95A276B798D00323984 /* XCRemoteSwiftPackageReference "SQLite.swift" */;
			productName = SQLite;
		};
/* End XCSwiftPackageProductDependency section */
	};
	rootObject = 0EFDD93B276B72C400323984 /* Project object */;
}
